
Microsoft Visual Studio Solution File, Format Version 12.00
# Visual Studio Version 16
VisualStudioVersion = 16.0.32126.315
MinimumVisualStudioVersion = 10.0.40219.1
Project("{FAE04EC0-301F-11D3-BF4B-00C04F79EFBC}") = "PR4", "PR4\PR4.csproj", "{6443890D-324A-4545-84FF-A7375EFE5E20}"
EndProject
Global
	GlobalSection(SolutionConfigurationPlatforms) = preSolution
		Debug|Any CPU = Debug|Any CPU
		Release|Any CPU = Release|Any CPU
	EndGlobalSection
	GlobalSection(ProjectConfigurationPlatforms) = postSolution
		{6443890D-324A-4545-84FF-A7375EFE5E20}.Debug|Any CPU.ActiveCfg = Debug|Any CPU
		{6443890D-324A-4545-84FF-A7375EFE5E20}.Debug|Any CPU.Build.0 = Debug|Any CPU
		{6443890D-324A-4545-84FF-A7375EFE5E20}.Release|Any CPU.ActiveCfg = Release|Any CPU
		{6443890D-324A-4545-84FF-A7375EFE5E20}.Release|Any CPU.Build.0 = Release|Any CPU
	EndGlobalSection
	GlobalSection(SolutionProperties) = preSolution
		HideSolutionNode = FALSE
	EndGlobalSection
	GlobalSection(ExtensibilityGlobals) = postSolution
		SolutionGuid = {C88B9657-32B9-4D35-A564-A17334BDA4A7}
	EndGlobalSection
EndGlobal
